{
  "originHash" : "1a82d4509c75e4fc68ea3a5c78d39a1caf599b4efb5d1b2680c894d432d36685",
  "pins" : [
    {
      "identity" : "haishinkit.swift",
      "kind" : "remoteSourceControl",
      "location" : "https://github.com/HaishinKit/HaishinKit.swift.git",
      "state" : {
        "revision" : "6ff1395755f89975b53e511f54ae78c79ee8576e"
      }
    },
    {
      "identity" : "logboard",
      "kind" : "remoteSourceControl",
      "location" : "https://github.com/shogo4405/Logboard.git",
      "state" : {
        "revision" : "8f41c63afb903040b77049ee2efa8c257b8c0d50",
        "version" : "2.6.0"
      }
    }
  ],
  "version" : 3
}
